
Microsoft Visual Studio Solution File, Format Version 12.00
# Visual Studio Version 16
VisualStudioVersion = 16.0.29609.76
MinimumVisualStudioVersion = 10.0.40219.1
Project("{FAE04EC0-301F-11D3-BF4B-00C04F79EFBC}") = "PDK čorka", "PDK čorka\PDK čorka.csproj", "{BDE67A20-3551-485B-84D8-4FC3B60FF3CF}"
EndProject
Global
	GlobalSection(SolutionConfigurationPlatforms) = preSolution
		Debug|Any CPU = Debug|Any CPU
		Release|Any CPU = Release|Any CPU
	EndGlobalSection
	GlobalSection(ProjectConfigurationPlatforms) = postSolution
		{BDE67A20-3551-485B-84D8-4FC3B60FF3CF}.Debug|Any CPU.ActiveCfg = Debug|Any CPU
		{BDE67A20-3551-485B-84D8-4FC3B60FF3CF}.Debug|Any CPU.Build.0 = Debug|Any CPU
		{BDE67A20-3551-485B-84D8-4FC3B60FF3CF}.Release|Any CPU.ActiveCfg = Release|Any CPU
		{BDE67A20-3551-485B-84D8-4FC3B60FF3CF}.Release|Any CPU.Build.0 = Release|Any CPU
	EndGlobalSection
	GlobalSection(SolutionProperties) = preSolution
		HideSolutionNode = FALSE
	EndGlobalSection
	GlobalSection(ExtensibilityGlobals) = postSolution
		SolutionGuid = {2657C680-E5F9-42D7-B1B1-D4C1D0E524E6}
	EndGlobalSection
EndGlobal
