
Microsoft Visual Studio Solution File, Format Version 12.00
# Visual Studio Version 16
VisualStudioVersion = 16.0.29613.14
MinimumVisualStudioVersion = 10.0.40219.1
Project("{FAE04EC0-301F-11D3-BF4B-00C04F79EFBC}") = "reporty", "reporty\reporty.csproj", "{9FD6233E-817E-4050-AB3C-6560FC9F570C}"
EndProject
Global
	GlobalSection(SolutionConfigurationPlatforms) = preSolution
		Debug|Any CPU = Debug|Any CPU
		Release|Any CPU = Release|Any CPU
	EndGlobalSection
	GlobalSection(ProjectConfigurationPlatforms) = postSolution
		{9FD6233E-817E-4050-AB3C-6560FC9F570C}.Debug|Any CPU.ActiveCfg = Debug|Any CPU
		{9FD6233E-817E-4050-AB3C-6560FC9F570C}.Debug|Any CPU.Build.0 = Debug|Any CPU
		{9FD6233E-817E-4050-AB3C-6560FC9F570C}.Release|Any CPU.ActiveCfg = Release|Any CPU
		{9FD6233E-817E-4050-AB3C-6560FC9F570C}.Release|Any CPU.Build.0 = Release|Any CPU
	EndGlobalSection
	GlobalSection(SolutionProperties) = preSolution
		HideSolutionNode = FALSE
	EndGlobalSection
	GlobalSection(ExtensibilityGlobals) = postSolution
		SolutionGuid = {F18EB289-EB7F-4B81-8F96-57C5BAD3F20F}
	EndGlobalSection
EndGlobal
